// !$*UTF8*$!
{
	archiveVersion = 1;
	classes = {
	};
	objectVersion = 46;
	objects = {

/* Begin PBXBuildFile section */
		D987297E1D80125400D8C0B5 /* main.m in Sources */ = {isa = PBXBuildFile; fileRef = D987297D1D80125400D8C0B5 /* main.m */; };
		D98729811D80125400D8C0B5 /* AppDelegate.m in Sources */ = {isa = PBXBuildFile; fileRef = D98729801D80125400D8C0B5 /* AppDelegate.m */; };
		D98729841D80125400D8C0B5 /* ViewController.m in Sources */ = {isa = PBXBuildFile; fileRef = D98729831D80125400D8C0B5 /* ViewController.m */; };
		D98729871D80125400D8C0B5 /* Main.storyboard in Resources */ = {isa = PBXBuildFile; fileRef = D98729851D80125400D8C0B5 /* Main.storyboard */; };
		D98729891D80125400D8C0B5 /* Assets.xcassets in Resources */ = {isa = PBXBuildFile; fileRef = D98729881D80125400D8C0B5 /* Assets.xcassets */; };
		D987298C1D80125400D8C0B5 /* LaunchScreen.storyboard in Resources */ = {isa = PBXBuildFile; fileRef = D987298A1D80125400D8C0B5 /* LaunchScreen.storyboard */; };
		D98729971D80125400D8C0B5 /* TestTests.m in Sources */ = {isa = PBXBuildFile; fileRef = D98729961D80125400D8C0B5 /* TestTests.m */; };
		D98729A21D80125400D8C0B5 /* TestUITests.m in Sources */ = {isa = PBXBuildFile; fileRef = D98729A11D80125400D8C0B5 /* TestUITests.m */; };
/* End PBXBuildFile section */

/* Begin PBXContainerItemProxy section */
		D98729931D80125400D8C0B5 /* PBXContainerItemProxy */ = {
			isa = PBXContainerItemProxy;
			containerPortal = D98729711D80125400D8C0B5 /* Project object */;
			proxyType = 1;
			remoteGlobalIDString = D98729781D80125400D8C0B5;
			remoteInfo = Test;
		};
		D987299E1D80125400D8C0B5 /* PBXContainerItemProxy */ = {
			isa = PBXContainerItemProxy;
			containerPortal = D98729711D80125400D8C0B5 /* Project object */;
			proxyType = 1;
			remoteGlobalIDString = D98729781D80125400D8C0B5;
			remoteInfo = Test;
		};
/* End PBXContainerItemProxy section */

/* Begin PBXFileReference section */
		D98729791D80125400D8C0B5 /* Test.app */ = {isa = PBXFileReference; explicitFileType = wrapper.application; includeInIndex = 0; path = Test.app; sourceTree = BUILT_PRODUCTS_DIR; };
		D987297D1D80125400D8C0B5 /* main.m */ = {isa = PBXFileReference; lastKnownFileType = sourcecode.c.objc; path = main.m; sourceTree = "<group>"; };
		D987297F1D80125400D8C0B5 /* AppDelegate.h */ = {isa = PBXFileReference; lastKnownFileType = sourcecode.c.h; path = AppDelegate.h; sourceTree = "<group>"; };
		D98729801D80125400D8C0B5 /* AppDelegate.m */ = {isa = PBXFileReference; lastKnownFileType = sourcecode.c.objc; path = AppDelegate.m; sourceTree = "<group>"; };
		D98729821D80125400D8C0B5 /* ViewController.h */ = {isa = PBXFileReference; lastKnownFileType = sourcecode.c.h; path = ViewController.h; sourceTree = "<group>"; };
		D98729831D80125400D8C0B5 /* ViewController.m */ = {isa = PBXFileReference; lastKnownFileType = sourcecode.c.objc; path = ViewController.m; sourceTree = "<group>"; };
		D98729861D80125400D8C0B5 /* Base */ = {isa = PBXFileReference; lastKnownFileType = file.storyboard; name = Base; path = Base.lproj/Main.storyboard; sourceTree = "<group>"; };
		D98729881D80125400D8C0B5 /* Assets.xcassets */ = {isa = PBXFileReference; lastKnownFileType = folder.assetcatalog; path = Assets.xcassets; sourceTree = "<group>"; };
		D987298B1D80125400D8C0B5 /* Base */ = {isa = PBXFileReference; lastKnownFileType = file.storyboard; name = Base; path = Base.lproj/LaunchScreen.storyboard; sourceTree = "<group>"; };
		D987298D1D80125400D8C0B5 /* Info.plist */ = {isa = PBXFileReference; lastKnownFileType = text.plist.xml; path = Info.plist; sourceTree = "<group>"; };
		D98729921D80125400D8C0B5 /* TestTests.xctest */ = {isa = PBXFileReference; explicitFileType = wrapper.cfbundle; includeInIndex = 0; path = TestTests.xctest; sourceTree = BUILT_PRODUCTS_DIR; };
		D98729961D80125400D8C0B5 /* TestTests.m */ = {isa = PBXFileReference; lastKnownFileType = sourcecode.c.objc; path = TestTests.m; sourceTree = "<group>"; };
		D98729981D80125400D8C0B5 /* Info.plist */ = {isa = PBXFileReference; lastKnownFileType = text.plist.xml; path = Info.plist; sourceTree = "<group>"; };
		D987299D1D80125400D8C0B5 /* TestUITests.xctest */ = {isa = PBXFileReference; explicitFileType = wrapper.cfbundle; includeInIndex = 0; path = TestUITests.xctest; sourceTree = BUILT_PRODUCTS_DIR; };
		D98729A11D80125400D8C0B5 /* TestUITests.m */ = {isa = PBXFileReference; lastKnownFileType = sourcecode.c.objc; path = TestUITests.m; sourceTree = "<group>"; };
		D98729A31D80125400D8C0B5 /* Info.plist */ = {isa = PBXFileReference; lastKnownFileType = text.plist.xml; path = Info.plist; sourceTree = "<group>"; };
/* End PBXFileReference section */

/* Begin PBXFrameworksBuildPhase section */
		D98729761D80125400D8C0B5 /* Frameworks */ = {
			isa = PBXFrameworksBuildPhase;
			buildActionMask = 2147483647;
			files = (
			);
			runOnlyForDeploymentPostprocessing = 0;
		};
		D987298F1D80125400D8C0B5 /* Frameworks */ = {
			isa = PBXFrameworksBuildPhase;
			buildActionMask = 2147483647;
			files = (
			);
			runOnlyForDeploymentPostprocessing = 0;
		};
		D987299A1D80125400D8C0B5 /* Frameworks */ = {
			isa = PBXFrameworksBuildPhase;
			buildActionMask = 2147483647;
			files = (
			);
			runOnlyForDeploymentPostprocessing = 0;
		};
/* End PBXFrameworksBuildPhase section */

/* Begin PBXGroup section */
		D98729701D80125400D8C0B5 = {
			isa = PBXGroup;
			children = (
				D987297B1D80125400D8C0B5 /* Test */,
				D98729951D80125400D8C0B5 /* TestTests */,
				D98729A01D80125400D8C0B5 /* TestUITests */,
				D987297A1D80125400D8C0B5 /* Products */,
			);
			sourceTree = "<group>";
		};
		D987297A1D80125400D8C0B5 /* Products */ = {
			isa = PBXGroup;
			children = (
				D98729791D80125400D8C0B5 /* Test.app */,
				D98729921D80125400D8C0B5 /* TestTests.xctest */,
				D987299D1D80125400D8C0B5 /* TestUITests.xctest */,
			);
			name = Products;
			sourceTree = "<group>";
		};
		D987297B1D80125400D8C0B5 /* Test */ = {
			isa = PBXGroup;
			children = (
				D987297F1D80125400D8C0B5 /* AppDelegate.h */,
				D98729801D80125400D8C0B5 /* AppDelegate.m */,
				D98729821D80125400D8C0B5 /* ViewController.h */,
				D98729831D80125400D8C0B5 /* ViewController.m */,
				D98729851D80125400D8C0B5 /* Main.storyboard */,
				D98729881D80125400D8C0B5 /* Assets.xcassets */,
				D987298A1D80125400D8C0B5 /* LaunchScreen.storyboard */,
				D987298D1D80125400D8C0B5 /* Info.plist */,
				D987297C1D80125400D8C0B5 /* Supporting Files */,
			);
			path = Test;
			sourceTree = "<group>";
		};
		D987297C1D80125400D8C0B5 /* Supporting Files */ = {
			isa = PBXGroup;
			children = (
				D987297D1D80125400D8C0B5 /* main.m */,
			);
			name = "Supporting Files";
			sourceTree = "<group>";
		};
		D98729951D80125400D8C0B5 /* TestTests */ = {
			isa = PBXGroup;
			children = (
				D98729961D80125400D8C0B5 /* TestTests.m */,
				D98729981D80125400D8C0B5 /* Info.plist */,
			);
			path = TestTests;
			sourceTree = "<group>";
		};
		D98729A01D80125400D8C0B5 /* TestUITests */ = {
			isa = PBXGroup;
			children = (
				D98729A11D80125400D8C0B5 /* TestUITests.m */,
				D98729A31D80125400D8C0B5 /* Info.plist */,
			);
			path = TestUITests;
			sourceTree = "<group>";
		};
/* End PBXGroup section */

/* Begin PBXNativeTarget section */
		D98729781D80125400D8C0B5 /* Test */ = {
			isa = PBXNativeTarget;
			buildConfigurationList = D98729A61D80125400D8C0B5 /* Build configuration list for PBXNativeTarget "Test" */;
			buildPhases = (
				D98729751D80125400D8C0B5 /* Sources */,
				D98729761D80125400D8C0B5 /* Frameworks */,
				D98729771D80125400D8C0B5 /* Resources */,
			);
			buildRules = (
			);
			dependencies = (
			);
			name = Test;
			productName = Test;
			productReference = D98729791D80125400D8C0B5 /* Test.app */;
			productType = "com.apple.product-type.application";
		};
		D98729911D80125400D8C0B5 /* TestTests */ = {
			isa = PBXNativeTarget;
			buildConfigurationList = D98729A91D80125400D8C0B5 /* Build configuration list for PBXNativeTarget "TestTests" */;
			buildPhases = (
				D987298E1D80125400D8C0B5 /* Sources */,
				D987298F1D80125400D8C0B5 /* Frameworks */,
				D98729901D80125400D8C0B5 /* Resources */,
			);
			buildRules = (
			);
			dependencies = (
				D98729941D80125400D8C0B5 /* PBXTargetDependency */,
			);
			name = TestTests;
			productName = TestTests;
			productReference = D98729921D80125400D8C0B5 /* TestTests.xctest */;
			productType = "com.apple.product-type.bundle.unit-test";
		};
		D987299C1D80125400D8C0B5 /* TestUITests */ = {
			isa = PBXNativeTarget;
			buildConfigurationList = D98729AC1D80125400D8C0B5 /* Build configuration list for PBXNativeTarget "TestUITests" */;
			buildPhases = (
				D98729991D80125400D8C0B5 /* Sources */,
				D987299A1D80125400D8C0B5 /* Frameworks */,
				D987299B1D80125400D8C0B5 /* Resources */,
			);
			buildRules = (
			);
			dependencies = (
				D987299F1D80125400D8C0B5 /* PBXTargetDependency */,
			);
			name = TestUITests;
			productName = TestUITests;
			productReference = D987299D1D80125400D8C0B5 /* TestUITests.xctest */;
			productType = "com.apple.product-type.bundle.ui-testing";
		};
/* End PBXNativeTarget section */

/* Begin PBXProject section */
		D98729711D80125400D8C0B5 /* Project object */ = {
			isa = PBXProject;
			attributes = {
				LastUpgradeCheck = 0730;
				ORGANIZATIONNAME = Xenosxiny;
				TargetAttributes = {
					D98729781D80125400D8C0B5 = {
						CreatedOnToolsVersion = 7.3.1;
					};
					D98729911D80125400D8C0B5 = {
						CreatedOnToolsVersion = 7.3.1;
						TestTargetID = D98729781D80125400D8C0B5;
					};
					D987299C1D80125400D8C0B5 = {
						CreatedOnToolsVersion = 7.3.1;
						TestTargetID = D98729781D80125400D8C0B5;
					};
				};
			};
			buildConfigurationList = D98729741D80125400D8C0B5 /* Build configuration list for PBXProject "Test" */;
			compatibilityVersion = "Xcode 3.2";
			developmentRegion = English;
			hasScannedForEncodings = 0;
			knownRegions = (
				en,
				Base,
			);
			mainGroup = D98729701D80125400D8C0B5;
			productRefGroup = D987297A1D80125400D8C0B5 /* Products */;
			projectDirPath = "";
			projectRoot = "";
			targets = (
				D98729781D80125400D8C0B5 /* Test */,
				D98729911D80125400D8C0B5 /* TestTests */,
				D987299C1D80125400D8C0B5 /* TestUITests */,
			);
		};
/* End PBXProject section */

/* Begin PBXResourcesBuildPhase section */
		D98729771D80125400D8C0B5 /* Resources */ = {
			isa = PBXResourcesBuildPhase;
			buildActionMask = 2147483647;
			files = (
				D987298C1D80125400D8C0B5 /* LaunchScreen.storyboard in Resources */,
				D98729891D80125400D8C0B5 /* Assets.xcassets in Resources */,
				D98729871D80125400D8C0B5 /* Main.storyboard in Resources */,
			);
			runOnlyForDeploymentPostprocessing = 0;
		};
		D98729901D80125400D8C0B5 /* Resources */ = {
			isa = PBXResourcesBuildPhase;
			buildActionMask = 2147483647;
			files = (
			);
			runOnlyForDeploymentPostprocessing = 0;
		};
		D987299B1D80125400D8C0B5 /* Resources */ = {
			isa = PBXResourcesBuildPhase;
			buildActionMask = 2147483647;
			files = (
			);
			runOnlyForDeploymentPostprocessing = 0;
		};
/* End PBXResourcesBuildPhase section */

/* Begin PBXSourcesBuildPhase section */
		D98729751D80125400D8C0B5 /* Sources */ = {
			isa = PBXSourcesBuildPhase;
			buildActionMask = 2147483647;
			files = (
				D98729841D80125400D8C0B5 /* ViewController.m in Sources */,
				D98729811D80125400D8C0B5 /* AppDelegate.m in Sources */,
				D987297E1D80125400D8C0B5 /* main.m in Sources */,
			);
			runOnlyForDeploymentPostprocessing = 0;
		};
		D987298E1D80125400D8C0B5 /* Sources */ = {
			isa = PBXSourcesBuildPhase;
			buildActionMask = 2147483647;
			files = (
				D98729971D80125400D8C0B5 /* TestTests.m in Sources */,
			);
			runOnlyForDeploymentPostprocessing = 0;
		};
		D98729991D80125400D8C0B5 /* Sources */ = {
			isa = PBXSourcesBuildPhase;
			buildActionMask = 2147483647;
			files = (
				D98729A21D80125400D8C0B5 /* TestUITests.m in Sources */,
			);
			runOnlyForDeploymentPostprocessing = 0;
		};
/* End PBXSourcesBuildPhase section */

/* Begin PBXTargetDependency section */
		D98729941D80125400D8C0B5 /* PBXTargetDependency */ = {
			isa = PBXTargetDependency;
			target = D98729781D80125400D8C0B5 /* Test */;
			targetProxy = D98729931D80125400D8C0B5 /* PBXContainerItemProxy */;
		};
		D987299F1D80125400D8C0B5 /* PBXTargetDependency */ = {
			isa = PBXTargetDependency;
			target = D98729781D80125400D8C0B5 /* Test */;
			targetProxy = D987299E1D80125400D8C0B5 /* PBXContainerItemProxy */;
		};
/* End PBXTargetDependency section */

/* Begin PBXVariantGroup section */
		D98729851D80125400D8C0B5 /* Main.storyboard */ = {
			isa = PBXVariantGroup;
			children = (
				D98729861D80125400D8C0B5 /* Base */,
			);
			name = Main.storyboard;
			sourceTree = "<group>";
		};
		D987298A1D80125400D8C0B5 /* LaunchScreen.storyboard */ = {
			isa = PBXVariantGroup;
			children = (
				D987298B1D80125400D8C0B5 /* Base */,
			);
			name = LaunchScreen.storyboard;
			sourceTree = "<group>";
		};
/* End PBXVariantGroup section */

/* Begin XCBuildConfiguration section */
		D98729A41D80125400D8C0B5 /* Debug */ = {
			isa = XCBuildConfiguration;
			buildSettings = {
				ALWAYS_SEARCH_USER_PATHS = NO;
				CLANG_ANALYZER_NONNULL = YES;
				CLANG_CXX_LANGUAGE_STANDARD = "gnu++0x";
				CLANG_CXX_LIBRARY = "libc++";
				CLANG_ENABLE_MODULES = YES;
				CLANG_ENABLE_OBJC_ARC = YES;
				CLANG_WARN_BOOL_CONVERSION = YES;
				CLANG_WARN_CONSTANT_CONVERSION = YES;
				CLANG_WARN_DIRECT_OBJC_ISA_USAGE = YES_ERROR;
				CLANG_WARN_EMPTY_BODY = YES;
				CLANG_WARN_ENUM_CONVERSION = YES;
				CLANG_WARN_INT_CONVERSION = YES;
				CLANG_WARN_OBJC_ROOT_CLASS = YES_ERROR;
				CLANG_WARN_UNREACHABLE_CODE = YES;
				CLANG_WARN__DUPLICATE_METHOD_MATCH = YES;
				"CODE_SIGN_IDENTITY[sdk=iphoneos*]" = "iPhone Developer";
				COPY_PHASE_STRIP = NO;
				DEBUG_INFORMATION_FORMAT = dwarf;
				ENABLE_STRICT_OBJC_MSGSEND = YES;
				ENABLE_TESTABILITY = YES;
				GCC_C_LANGUAGE_STANDARD = gnu99;
				GCC_DYNAMIC_NO_PIC = NO;
				GCC_NO_COMMON_BLOCKS = YES;
				GCC_OPTIMIZATION_LEVEL = 0;
				GCC_PREPROCESSOR_DEFINITIONS = (
					"DEBUG=1",
					"$(inherited)",
				);
				GCC_WARN_64_TO_32_BIT_CONVERSION = YES;
				GCC_WARN_ABOUT_RETURN_TYPE = YES_ERROR;
				GCC_WARN_UNDECLARED_SELECTOR = YES;
				GCC_WARN_UNINITIALIZED_AUTOS = YES_AGGRESSIVE;
				GCC_WARN_UNUSED_FUNCTION = YES;
				GCC_WARN_UNUSED_VARIABLE = YES;
				IPHONEOS_DEPLOYMENT_TARGET = 9.3;
				MTL_ENABLE_DEBUG_INFO = YES;
				ONLY_ACTIVE_ARCH = YES;
				SDKROOT = iphoneos;
				TARGETED_DEVICE_FAMILY = "1,2";
			};
			name = Debug;
		};
		D98729A51D80125400D8C0B5 /* Release */ = {
			isa = XCBuildConfiguration;
			buildSettings = {
				ALWAYS_SEARCH_USER_PATHS = NO;
				CLANG_ANALYZER_NONNULL = YES;
				CLANG_CXX_LANGUAGE_STANDARD = "gnu++0x";
				CLANG_CXX_LIBRARY = "libc++";
				CLANG_ENABLE_MODULES = YES;
				CLANG_ENABLE_OBJC_ARC = YES;
				CLANG_WARN_BOOL_CONVERSION = YES;
				CLANG_WARN_CONSTANT_CONVERSION = YES;
				CLANG_WARN_DIRECT_OBJC_ISA_USAGE = YES_ERROR;
				CLANG_WARN_EMPTY_BODY = YES;
				CLANG_WARN_ENUM_CONVERSION = YES;
				CLANG_WARN_INT_CONVERSION = YES;
				CLANG_WARN_OBJC_ROOT_CLASS = YES_ERROR;
				CLANG_WARN_UNREACHABLE_CODE = YES;
				CLANG_WARN__DUPLICATE_METHOD_MATCH = YES;
				"CODE_SIGN_IDENTITY[sdk=iphoneos*]" = "iPhone Developer";
				COPY_PHASE_STRIP = NO;
				DEBUG_INFORMATION_FORMAT = "dwarf-with-dsym";
				ENABLE_NS_ASSERTIONS = NO;
				ENABLE_STRICT_OBJC_MSGSEND = YES;
				GCC_C_LANGUAGE_STANDARD = gnu99;
				GCC_NO_COMMON_BLOCKS = YES;
				GCC_WARN_64_TO_32_BIT_CONVERSION = YES;
				GCC_WARN_ABOUT_RETURN_TYPE = YES_ERROR;
				GCC_WARN_UNDECLARED_SELECTOR = YES;
				GCC_WARN_UNINITIALIZED_AUTOS = YES_AGGRESSIVE;
				GCC_WARN_UNUSED_FUNCTION = YES;
				GCC_WARN_UNUSED_VARIABLE = YES;
				IPHONEOS_DEPLOYMENT_TARGET = 9.3;
				MTL_ENABLE_DEBUG_INFO = NO;
				SDKROOT = iphoneos;
				TARGETED_DEVICE_FAMILY = "1,2";
				VALIDATE_PRODUCT = YES;
			};
			name = Release;
		};
		D98729A71D80125400D8C0B5 /* Debug */ = {
			isa = XCBuildConfiguration;
			buildSettings = {
				ASSETCATALOG_COMPILER_APPICON_NAME = AppIcon;
				INFOPLIST_FILE = Test/Info.plist;
				LD_RUNPATH_SEARCH_PATHS = "$(inherited) @executable_path/Frameworks";
				PRODUCT_BUNDLE_IDENTIFIER = xenos.Test;
				PRODUCT_NAME = "$(TARGET_NAME)";
			};
			name = Debug;
		};
		D98729A81D80125400D8C0B5 /* Release */ = {
			isa = XCBuildConfiguration;
			buildSettings = {
				ASSETCATALOG_COMPILER_APPICON_NAME = AppIcon;
				INFOPLIST_FILE = Test/Info.plist;
				LD_RUNPATH_SEARCH_PATHS = "$(inherited) @executable_path/Frameworks";
				PRODUCT_BUNDLE_IDENTIFIER = xenos.Test;
				PRODUCT_NAME = "$(TARGET_NAME)";
			};
			name = Release;
		};
		D98729AA1D80125400D8C0B5 /* Debug */ = {
			isa = XCBuildConfiguration;
			buildSettings = {
				BUNDLE_LOADER = "$(TEST_HOST)";
				INFOPLIST_FILE = TestTests/Info.plist;
				LD_RUNPATH_SEARCH_PATHS = "$(inherited) @executable_path/Frameworks @loader_path/Frameworks";
				PRODUCT_BUNDLE_IDENTIFIER = xenos.TestTests;
				PRODUCT_NAME = "$(TARGET_NAME)";
				TEST_HOST = "$(BUILT_PRODUCTS_DIR)/Test.app/Test";
			};
			name = Debug;
		};
		D98729AB1D80125400D8C0B5 /* Release */ = {
			isa = XCBuildConfiguration;
			buildSettings = {
				BUNDLE_LOADER = "$(TEST_HOST)";
				INFOPLIST_FILE = TestTests/Info.plist;
				LD_RUNPATH_SEARCH_PATHS = "$(inherited) @executable_path/Frameworks @loader_path/Frameworks";
				PRODUCT_BUNDLE_IDENTIFIER = xenos.TestTests;
				PRODUCT_NAME = "$(TARGET_NAME)";
				TEST_HOST = "$(BUILT_PRODUCTS_DIR)/Test.app/Test";
			};
			name = Release;
		};
		D98729AD1D80125400D8C0B5 /* Debug */ = {
			isa = XCBuildConfiguration;
			buildSettings = {
				INFOPLIST_FILE = TestUITests/Info.plist;
				LD_RUNPATH_SEARCH_PATHS = "$(inherited) @executable_path/Frameworks @loader_path/Frameworks";
				PRODUCT_BUNDLE_IDENTIFIER = xenos.TestUITests;
				PRODUCT_NAME = "$(TARGET_NAME)";
				TEST_TARGET_NAME = Test;
			};
			name = Debug;
		};
		D98729AE1D80125400D8C0B5 /* Release */ = {
			isa = XCBuildConfiguration;
			buildSettings = {
				INFOPLIST_FILE = TestUITests/Info.plist;
				LD_RUNPATH_SEARCH_PATHS = "$(inherited) @executable_path/Frameworks @loader_path/Frameworks";
				PRODUCT_BUNDLE_IDENTIFIER = xenos.TestUITests;
				PRODUCT_NAME = "$(TARGET_NAME)";
				TEST_TARGET_NAME = Test;
			};
			name = Release;
		};
/* End XCBuildConfiguration section */

/* Begin XCConfigurationList section */
		D98729741D80125400D8C0B5 /* Build configuration list for PBXProject "Test" */ = {
			isa = XCConfigurationList;
			buildConfigurations = (
				D98729A41D80125400D8C0B5 /* Debug */,
				D98729A51D80125400D8C0B5 /* Release */,
			);
			defaultConfigurationIsVisible = 0;
			defaultConfigurationName = Release;
		};
		D98729A61D80125400D8C0B5 /* Build configuration list for PBXNativeTarget "Test" */ = {
			isa = XCConfigurationList;
			buildConfigurations = (
				D98729A71D80125400D8C0B5 /* Debug */,
				D98729A81D80125400D8C0B5 /* Release */,
			);
			defaultConfigurationIsVisible = 0;
		};
		D98729A91D80125400D8C0B5 /* Build configuration list for PBXNativeTarget "TestTests" */ = {
			isa = XCConfigurationList;
			buildConfigurations = (
				D98729AA1D80125400D8C0B5 /* Debug */,
				D98729AB1D80125400D8C0B5 /* Release */,
			);
			defaultConfigurationIsVisible = 0;
		};
		D98729AC1D80125400D8C0B5 /* Build configuration list for PBXNativeTarget "TestUITests" */ = {
			isa = XCConfigurationList;
			buildConfigurations = (
				D98729AD1D80125400D8C0B5 /* Debug */,
				D98729AE1D80125400D8C0B5 /* Release */,
			);
			defaultConfigurationIsVisible = 0;
		};
/* End XCConfigurationList section */
	};
	rootObject = D98729711D80125400D8C0B5 /* Project object */;
}
