// !$*UTF8*$!
{
	archiveVersion = 1;
	classes = {
	};
	objectVersion = 46;
	objects = {

/* Begin PBXBuildFile section */
		D9E2C6911D791BD500479BA1 /* AppDelegate.swift in Sources */ = {isa = PBXBuildFile; fileRef = D9E2C6901D791BD500479BA1 /* AppDelegate.swift */; };
		D9E2C6931D791BD500479BA1 /* ViewController.swift in Sources */ = {isa = PBXBuildFile; fileRef = D9E2C6921D791BD500479BA1 /* ViewController.swift */; };
		D9E2C6961D791BD500479BA1 /* Main.storyboard in Resources */ = {isa = PBXBuildFile; fileRef = D9E2C6941D791BD500479BA1 /* Main.storyboard */; };
		D9E2C6981D791BD500479BA1 /* Assets.xcassets in Resources */ = {isa = PBXBuildFile; fileRef = D9E2C6971D791BD500479BA1 /* Assets.xcassets */; };
		D9E2C69B1D791BD500479BA1 /* LaunchScreen.storyboard in Resources */ = {isa = PBXBuildFile; fileRef = D9E2C6991D791BD500479BA1 /* LaunchScreen.storyboard */; };
		D9E2C6A61D791BD600479BA1 /* Emoji_StackViewTests.swift in Sources */ = {isa = PBXBuildFile; fileRef = D9E2C6A51D791BD600479BA1 /* Emoji_StackViewTests.swift */; };
		D9E2C6B11D791BD600479BA1 /* Emoji_StackViewUITests.swift in Sources */ = {isa = PBXBuildFile; fileRef = D9E2C6B01D791BD600479BA1 /* Emoji_StackViewUITests.swift */; };
/* End PBXBuildFile section */

/* Begin PBXContainerItemProxy section */
		D9E2C6A21D791BD600479BA1 /* PBXContainerItemProxy */ = {
			isa = PBXContainerItemProxy;
			containerPortal = D9E2C6851D791BD500479BA1 /* Project object */;
			proxyType = 1;
			remoteGlobalIDString = D9E2C68C1D791BD500479BA1;
			remoteInfo = Emoji_StackView;
		};
		D9E2C6AD1D791BD600479BA1 /* PBXContainerItemProxy */ = {
			isa = PBXContainerItemProxy;
			containerPortal = D9E2C6851D791BD500479BA1 /* Project object */;
			proxyType = 1;
			remoteGlobalIDString = D9E2C68C1D791BD500479BA1;
			remoteInfo = Emoji_StackView;
		};
/* End PBXContainerItemProxy section */

/* Begin PBXFileReference section */
		D9E2C68D1D791BD500479BA1 /* Emoji_StackView.app */ = {isa = PBXFileReference; explicitFileType = wrapper.application; includeInIndex = 0; path = Emoji_StackView.app; sourceTree = BUILT_PRODUCTS_DIR; };
		D9E2C6901D791BD500479BA1 /* AppDelegate.swift */ = {isa = PBXFileReference; lastKnownFileType = sourcecode.swift; path = AppDelegate.swift; sourceTree = "<group>"; };
		D9E2C6921D791BD500479BA1 /* ViewController.swift */ = {isa = PBXFileReference; lastKnownFileType = sourcecode.swift; path = ViewController.swift; sourceTree = "<group>"; };
		D9E2C6951D791BD500479BA1 /* Base */ = {isa = PBXFileReference; lastKnownFileType = file.storyboard; name = Base; path = Base.lproj/Main.storyboard; sourceTree = "<group>"; };
		D9E2C6971D791BD500479BA1 /* Assets.xcassets */ = {isa = PBXFileReference; lastKnownFileType = folder.assetcatalog; path = Assets.xcassets; sourceTree = "<group>"; };
		D9E2C69A1D791BD500479BA1 /* Base */ = {isa = PBXFileReference; lastKnownFileType = file.storyboard; name = Base; path = Base.lproj/LaunchScreen.storyboard; sourceTree = "<group>"; };
		D9E2C69C1D791BD500479BA1 /* Info.plist */ = {isa = PBXFileReference; lastKnownFileType = text.plist.xml; path = Info.plist; sourceTree = "<group>"; };
		D9E2C6A11D791BD600479BA1 /* Emoji_StackViewTests.xctest */ = {isa = PBXFileReference; explicitFileType = wrapper.cfbundle; includeInIndex = 0; path = Emoji_StackViewTests.xctest; sourceTree = BUILT_PRODUCTS_DIR; };
		D9E2C6A51D791BD600479BA1 /* Emoji_StackViewTests.swift */ = {isa = PBXFileReference; lastKnownFileType = sourcecode.swift; path = Emoji_StackViewTests.swift; sourceTree = "<group>"; };
		D9E2C6A71D791BD600479BA1 /* Info.plist */ = {isa = PBXFileReference; lastKnownFileType = text.plist.xml; path = Info.plist; sourceTree = "<group>"; };
		D9E2C6AC1D791BD600479BA1 /* Emoji_StackViewUITests.xctest */ = {isa = PBXFileReference; explicitFileType = wrapper.cfbundle; includeInIndex = 0; path = Emoji_StackViewUITests.xctest; sourceTree = BUILT_PRODUCTS_DIR; };
		D9E2C6B01D791BD600479BA1 /* Emoji_StackViewUITests.swift */ = {isa = PBXFileReference; lastKnownFileType = sourcecode.swift; path = Emoji_StackViewUITests.swift; sourceTree = "<group>"; };
		D9E2C6B21D791BD600479BA1 /* Info.plist */ = {isa = PBXFileReference; lastKnownFileType = text.plist.xml; path = Info.plist; sourceTree = "<group>"; };
/* End PBXFileReference section */

/* Begin PBXFrameworksBuildPhase section */
		D9E2C68A1D791BD500479BA1 /* Frameworks */ = {
			isa = PBXFrameworksBuildPhase;
			buildActionMask = 2147483647;
			files = (
			);
			runOnlyForDeploymentPostprocessing = 0;
		};
		D9E2C69E1D791BD600479BA1 /* Frameworks */ = {
			isa = PBXFrameworksBuildPhase;
			buildActionMask = 2147483647;
			files = (
			);
			runOnlyForDeploymentPostprocessing = 0;
		};
		D9E2C6A91D791BD600479BA1 /* Frameworks */ = {
			isa = PBXFrameworksBuildPhase;
			buildActionMask = 2147483647;
			files = (
			);
			runOnlyForDeploymentPostprocessing = 0;
		};
/* End PBXFrameworksBuildPhase section */

/* Begin PBXGroup section */
		D9E2C6841D791BD500479BA1 = {
			isa = PBXGroup;
			children = (
				D9E2C68F1D791BD500479BA1 /* Emoji_StackView */,
				D9E2C6A41D791BD600479BA1 /* Emoji_StackViewTests */,
				D9E2C6AF1D791BD600479BA1 /* Emoji_StackViewUITests */,
				D9E2C68E1D791BD500479BA1 /* Products */,
			);
			sourceTree = "<group>";
		};
		D9E2C68E1D791BD500479BA1 /* Products */ = {
			isa = PBXGroup;
			children = (
				D9E2C68D1D791BD500479BA1 /* Emoji_StackView.app */,
				D9E2C6A11D791BD600479BA1 /* Emoji_StackViewTests.xctest */,
				D9E2C6AC1D791BD600479BA1 /* Emoji_StackViewUITests.xctest */,
			);
			name = Products;
			sourceTree = "<group>";
		};
		D9E2C68F1D791BD500479BA1 /* Emoji_StackView */ = {
			isa = PBXGroup;
			children = (
				D9E2C6901D791BD500479BA1 /* AppDelegate.swift */,
				D9E2C6921D791BD500479BA1 /* ViewController.swift */,
				D9E2C6941D791BD500479BA1 /* Main.storyboard */,
				D9E2C6971D791BD500479BA1 /* Assets.xcassets */,
				D9E2C6991D791BD500479BA1 /* LaunchScreen.storyboard */,
				D9E2C69C1D791BD500479BA1 /* Info.plist */,
			);
			path = Emoji_StackView;
			sourceTree = "<group>";
		};
		D9E2C6A41D791BD600479BA1 /* Emoji_StackViewTests */ = {
			isa = PBXGroup;
			children = (
				D9E2C6A51D791BD600479BA1 /* Emoji_StackViewTests.swift */,
				D9E2C6A71D791BD600479BA1 /* Info.plist */,
			);
			path = Emoji_StackViewTests;
			sourceTree = "<group>";
		};
		D9E2C6AF1D791BD600479BA1 /* Emoji_StackViewUITests */ = {
			isa = PBXGroup;
			children = (
				D9E2C6B01D791BD600479BA1 /* Emoji_StackViewUITests.swift */,
				D9E2C6B21D791BD600479BA1 /* Info.plist */,
			);
			path = Emoji_StackViewUITests;
			sourceTree = "<group>";
		};
/* End PBXGroup section */

/* Begin PBXNativeTarget section */
		D9E2C68C1D791BD500479BA1 /* Emoji_StackView */ = {
			isa = PBXNativeTarget;
			buildConfigurationList = D9E2C6B51D791BD600479BA1 /* Build configuration list for PBXNativeTarget "Emoji_StackView" */;
			buildPhases = (
				D9E2C6891D791BD500479BA1 /* Sources */,
				D9E2C68A1D791BD500479BA1 /* Frameworks */,
				D9E2C68B1D791BD500479BA1 /* Resources */,
			);
			buildRules = (
			);
			dependencies = (
			);
			name = Emoji_StackView;
			productName = Emoji_StackView;
			productReference = D9E2C68D1D791BD500479BA1 /* Emoji_StackView.app */;
			productType = "com.apple.product-type.application";
		};
		D9E2C6A01D791BD600479BA1 /* Emoji_StackViewTests */ = {
			isa = PBXNativeTarget;
			buildConfigurationList = D9E2C6B81D791BD600479BA1 /* Build configuration list for PBXNativeTarget "Emoji_StackViewTests" */;
			buildPhases = (
				D9E2C69D1D791BD600479BA1 /* Sources */,
				D9E2C69E1D791BD600479BA1 /* Frameworks */,
				D9E2C69F1D791BD600479BA1 /* Resources */,
			);
			buildRules = (
			);
			dependencies = (
				D9E2C6A31D791BD600479BA1 /* PBXTargetDependency */,
			);
			name = Emoji_StackViewTests;
			productName = Emoji_StackViewTests;
			productReference = D9E2C6A11D791BD600479BA1 /* Emoji_StackViewTests.xctest */;
			productType = "com.apple.product-type.bundle.unit-test";
		};
		D9E2C6AB1D791BD600479BA1 /* Emoji_StackViewUITests */ = {
			isa = PBXNativeTarget;
			buildConfigurationList = D9E2C6BB1D791BD600479BA1 /* Build configuration list for PBXNativeTarget "Emoji_StackViewUITests" */;
			buildPhases = (
				D9E2C6A81D791BD600479BA1 /* Sources */,
				D9E2C6A91D791BD600479BA1 /* Frameworks */,
				D9E2C6AA1D791BD600479BA1 /* Resources */,
			);
			buildRules = (
			);
			dependencies = (
				D9E2C6AE1D791BD600479BA1 /* PBXTargetDependency */,
			);
			name = Emoji_StackViewUITests;
			productName = Emoji_StackViewUITests;
			productReference = D9E2C6AC1D791BD600479BA1 /* Emoji_StackViewUITests.xctest */;
			productType = "com.apple.product-type.bundle.ui-testing";
		};
/* End PBXNativeTarget section */

/* Begin PBXProject section */
		D9E2C6851D791BD500479BA1 /* Project object */ = {
			isa = PBXProject;
			attributes = {
				LastSwiftUpdateCheck = 0730;
				LastUpgradeCheck = 0730;
				ORGANIZATIONNAME = Xenosxiny;
				TargetAttributes = {
					D9E2C68C1D791BD500479BA1 = {
						CreatedOnToolsVersion = 7.3.1;
					};
					D9E2C6A01D791BD600479BA1 = {
						CreatedOnToolsVersion = 7.3.1;
						TestTargetID = D9E2C68C1D791BD500479BA1;
					};
					D9E2C6AB1D791BD600479BA1 = {
						CreatedOnToolsVersion = 7.3.1;
						TestTargetID = D9E2C68C1D791BD500479BA1;
					};
				};
			};
			buildConfigurationList = D9E2C6881D791BD500479BA1 /* Build configuration list for PBXProject "Emoji_StackView" */;
			compatibilityVersion = "Xcode 3.2";
			developmentRegion = English;
			hasScannedForEncodings = 0;
			knownRegions = (
				en,
				Base,
			);
			mainGroup = D9E2C6841D791BD500479BA1;
			productRefGroup = D9E2C68E1D791BD500479BA1 /* Products */;
			projectDirPath = "";
			projectRoot = "";
			targets = (
				D9E2C68C1D791BD500479BA1 /* Emoji_StackView */,
				D9E2C6A01D791BD600479BA1 /* Emoji_StackViewTests */,
				D9E2C6AB1D791BD600479BA1 /* Emoji_StackViewUITests */,
			);
		};
/* End PBXProject section */

/* Begin PBXResourcesBuildPhase section */
		D9E2C68B1D791BD500479BA1 /* Resources */ = {
			isa = PBXResourcesBuildPhase;
			buildActionMask = 2147483647;
			files = (
				D9E2C69B1D791BD500479BA1 /* LaunchScreen.storyboard in Resources */,
				D9E2C6981D791BD500479BA1 /* Assets.xcassets in Resources */,
				D9E2C6961D791BD500479BA1 /* Main.storyboard in Resources */,
			);
			runOnlyForDeploymentPostprocessing = 0;
		};
		D9E2C69F1D791BD600479BA1 /* Resources */ = {
			isa = PBXResourcesBuildPhase;
			buildActionMask = 2147483647;
			files = (
			);
			runOnlyForDeploymentPostprocessing = 0;
		};
		D9E2C6AA1D791BD600479BA1 /* Resources */ = {
			isa = PBXResourcesBuildPhase;
			buildActionMask = 2147483647;
			files = (
			);
			runOnlyForDeploymentPostprocessing = 0;
		};
/* End PBXResourcesBuildPhase section */

/* Begin PBXSourcesBuildPhase section */
		D9E2C6891D791BD500479BA1 /* Sources */ = {
			isa = PBXSourcesBuildPhase;
			buildActionMask = 2147483647;
			files = (
				D9E2C6931D791BD500479BA1 /* ViewController.swift in Sources */,
				D9E2C6911D791BD500479BA1 /* AppDelegate.swift in Sources */,
			);
			runOnlyForDeploymentPostprocessing = 0;
		};
		D9E2C69D1D791BD600479BA1 /* Sources */ = {
			isa = PBXSourcesBuildPhase;
			buildActionMask = 2147483647;
			files = (
				D9E2C6A61D791BD600479BA1 /* Emoji_StackViewTests.swift in Sources */,
			);
			runOnlyForDeploymentPostprocessing = 0;
		};
		D9E2C6A81D791BD600479BA1 /* Sources */ = {
			isa = PBXSourcesBuildPhase;
			buildActionMask = 2147483647;
			files = (
				D9E2C6B11D791BD600479BA1 /* Emoji_StackViewUITests.swift in Sources */,
			);
			runOnlyForDeploymentPostprocessing = 0;
		};
/* End PBXSourcesBuildPhase section */

/* Begin PBXTargetDependency section */
		D9E2C6A31D791BD600479BA1 /* PBXTargetDependency */ = {
			isa = PBXTargetDependency;
			target = D9E2C68C1D791BD500479BA1 /* Emoji_StackView */;
			targetProxy = D9E2C6A21D791BD600479BA1 /* PBXContainerItemProxy */;
		};
		D9E2C6AE1D791BD600479BA1 /* PBXTargetDependency */ = {
			isa = PBXTargetDependency;
			target = D9E2C68C1D791BD500479BA1 /* Emoji_StackView */;
			targetProxy = D9E2C6AD1D791BD600479BA1 /* PBXContainerItemProxy */;
		};
/* End PBXTargetDependency section */

/* Begin PBXVariantGroup section */
		D9E2C6941D791BD500479BA1 /* Main.storyboard */ = {
			isa = PBXVariantGroup;
			children = (
				D9E2C6951D791BD500479BA1 /* Base */,
			);
			name = Main.storyboard;
			sourceTree = "<group>";
		};
		D9E2C6991D791BD500479BA1 /* LaunchScreen.storyboard */ = {
			isa = PBXVariantGroup;
			children = (
				D9E2C69A1D791BD500479BA1 /* Base */,
			);
			name = LaunchScreen.storyboard;
			sourceTree = "<group>";
		};
/* End PBXVariantGroup section */

/* Begin XCBuildConfiguration section */
		D9E2C6B31D791BD600479BA1 /* Debug */ = {
			isa = XCBuildConfiguration;
			buildSettings = {
				ALWAYS_SEARCH_USER_PATHS = NO;
				CLANG_ANALYZER_NONNULL = YES;
				CLANG_CXX_LANGUAGE_STANDARD = "gnu++0x";
				CLANG_CXX_LIBRARY = "libc++";
				CLANG_ENABLE_MODULES = YES;
				CLANG_ENABLE_OBJC_ARC = YES;
				CLANG_WARN_BOOL_CONVERSION = YES;
				CLANG_WARN_CONSTANT_CONVERSION = YES;
				CLANG_WARN_DIRECT_OBJC_ISA_USAGE = YES_ERROR;
				CLANG_WARN_EMPTY_BODY = YES;
				CLANG_WARN_ENUM_CONVERSION = YES;
				CLANG_WARN_INT_CONVERSION = YES;
				CLANG_WARN_OBJC_ROOT_CLASS = YES_ERROR;
				CLANG_WARN_UNREACHABLE_CODE = YES;
				CLANG_WARN__DUPLICATE_METHOD_MATCH = YES;
				"CODE_SIGN_IDENTITY[sdk=iphoneos*]" = "iPhone Developer";
				COPY_PHASE_STRIP = NO;
				DEBUG_INFORMATION_FORMAT = dwarf;
				ENABLE_STRICT_OBJC_MSGSEND = YES;
				ENABLE_TESTABILITY = YES;
				GCC_C_LANGUAGE_STANDARD = gnu99;
				GCC_DYNAMIC_NO_PIC = NO;
				GCC_NO_COMMON_BLOCKS = YES;
				GCC_OPTIMIZATION_LEVEL = 0;
				GCC_PREPROCESSOR_DEFINITIONS = (
					"DEBUG=1",
					"$(inherited)",
				);
				GCC_WARN_64_TO_32_BIT_CONVERSION = YES;
				GCC_WARN_ABOUT_RETURN_TYPE = YES_ERROR;
				GCC_WARN_UNDECLARED_SELECTOR = YES;
				GCC_WARN_UNINITIALIZED_AUTOS = YES_AGGRESSIVE;
				GCC_WARN_UNUSED_FUNCTION = YES;
				GCC_WARN_UNUSED_VARIABLE = YES;
				IPHONEOS_DEPLOYMENT_TARGET = 9.3;
				MTL_ENABLE_DEBUG_INFO = YES;
				ONLY_ACTIVE_ARCH = YES;
				SDKROOT = iphoneos;
				SWIFT_OPTIMIZATION_LEVEL = "-Onone";
				TARGETED_DEVICE_FAMILY = "1,2";
			};
			name = Debug;
		};
		D9E2C6B41D791BD600479BA1 /* Release */ = {
			isa = XCBuildConfiguration;
			buildSettings = {
				ALWAYS_SEARCH_USER_PATHS = NO;
				CLANG_ANALYZER_NONNULL = YES;
				CLANG_CXX_LANGUAGE_STANDARD = "gnu++0x";
				CLANG_CXX_LIBRARY = "libc++";
				CLANG_ENABLE_MODULES = YES;
				CLANG_ENABLE_OBJC_ARC = YES;
				CLANG_WARN_BOOL_CONVERSION = YES;
				CLANG_WARN_CONSTANT_CONVERSION = YES;
				CLANG_WARN_DIRECT_OBJC_ISA_USAGE = YES_ERROR;
				CLANG_WARN_EMPTY_BODY = YES;
				CLANG_WARN_ENUM_CONVERSION = YES;
				CLANG_WARN_INT_CONVERSION = YES;
				CLANG_WARN_OBJC_ROOT_CLASS = YES_ERROR;
				CLANG_WARN_UNREACHABLE_CODE = YES;
				CLANG_WARN__DUPLICATE_METHOD_MATCH = YES;
				"CODE_SIGN_IDENTITY[sdk=iphoneos*]" = "iPhone Developer";
				COPY_PHASE_STRIP = NO;
				DEBUG_INFORMATION_FORMAT = "dwarf-with-dsym";
				ENABLE_NS_ASSERTIONS = NO;
				ENABLE_STRICT_OBJC_MSGSEND = YES;
				GCC_C_LANGUAGE_STANDARD = gnu99;
				GCC_NO_COMMON_BLOCKS = YES;
				GCC_WARN_64_TO_32_BIT_CONVERSION = YES;
				GCC_WARN_ABOUT_RETURN_TYPE = YES_ERROR;
				GCC_WARN_UNDECLARED_SELECTOR = YES;
				GCC_WARN_UNINITIALIZED_AUTOS = YES_AGGRESSIVE;
				GCC_WARN_UNUSED_FUNCTION = YES;
				GCC_WARN_UNUSED_VARIABLE = YES;
				IPHONEOS_DEPLOYMENT_TARGET = 9.3;
				MTL_ENABLE_DEBUG_INFO = NO;
				SDKROOT = iphoneos;
				TARGETED_DEVICE_FAMILY = "1,2";
				VALIDATE_PRODUCT = YES;
			};
			name = Release;
		};
		D9E2C6B61D791BD600479BA1 /* Debug */ = {
			isa = XCBuildConfiguration;
			buildSettings = {
				ASSETCATALOG_COMPILER_APPICON_NAME = AppIcon;
				INFOPLIST_FILE = Emoji_StackView/Info.plist;
				LD_RUNPATH_SEARCH_PATHS = "$(inherited) @executable_path/Frameworks";
				PRODUCT_BUNDLE_IDENTIFIER = "xenos.Emoji-StackView";
				PRODUCT_NAME = "$(TARGET_NAME)";
			};
			name = Debug;
		};
		D9E2C6B71D791BD600479BA1 /* Release */ = {
			isa = XCBuildConfiguration;
			buildSettings = {
				ASSETCATALOG_COMPILER_APPICON_NAME = AppIcon;
				INFOPLIST_FILE = Emoji_StackView/Info.plist;
				LD_RUNPATH_SEARCH_PATHS = "$(inherited) @executable_path/Frameworks";
				PRODUCT_BUNDLE_IDENTIFIER = "xenos.Emoji-StackView";
				PRODUCT_NAME = "$(TARGET_NAME)";
			};
			name = Release;
		};
		D9E2C6B91D791BD600479BA1 /* Debug */ = {
			isa = XCBuildConfiguration;
			buildSettings = {
				BUNDLE_LOADER = "$(TEST_HOST)";
				INFOPLIST_FILE = Emoji_StackViewTests/Info.plist;
				LD_RUNPATH_SEARCH_PATHS = "$(inherited) @executable_path/Frameworks @loader_path/Frameworks";
				PRODUCT_BUNDLE_IDENTIFIER = "xenos.Emoji-StackViewTests";
				PRODUCT_NAME = "$(TARGET_NAME)";
				TEST_HOST = "$(BUILT_PRODUCTS_DIR)/Emoji_StackView.app/Emoji_StackView";
			};
			name = Debug;
		};
		D9E2C6BA1D791BD600479BA1 /* Release */ = {
			isa = XCBuildConfiguration;
			buildSettings = {
				BUNDLE_LOADER = "$(TEST_HOST)";
				INFOPLIST_FILE = Emoji_StackViewTests/Info.plist;
				LD_RUNPATH_SEARCH_PATHS = "$(inherited) @executable_path/Frameworks @loader_path/Frameworks";
				PRODUCT_BUNDLE_IDENTIFIER = "xenos.Emoji-StackViewTests";
				PRODUCT_NAME = "$(TARGET_NAME)";
				TEST_HOST = "$(BUILT_PRODUCTS_DIR)/Emoji_StackView.app/Emoji_StackView";
			};
			name = Release;
		};
		D9E2C6BC1D791BD600479BA1 /* Debug */ = {
			isa = XCBuildConfiguration;
			buildSettings = {
				INFOPLIST_FILE = Emoji_StackViewUITests/Info.plist;
				LD_RUNPATH_SEARCH_PATHS = "$(inherited) @executable_path/Frameworks @loader_path/Frameworks";
				PRODUCT_BUNDLE_IDENTIFIER = "xenos.Emoji-StackViewUITests";
				PRODUCT_NAME = "$(TARGET_NAME)";
				TEST_TARGET_NAME = Emoji_StackView;
			};
			name = Debug;
		};
		D9E2C6BD1D791BD600479BA1 /* Release */ = {
			isa = XCBuildConfiguration;
			buildSettings = {
				INFOPLIST_FILE = Emoji_StackViewUITests/Info.plist;
				LD_RUNPATH_SEARCH_PATHS = "$(inherited) @executable_path/Frameworks @loader_path/Frameworks";
				PRODUCT_BUNDLE_IDENTIFIER = "xenos.Emoji-StackViewUITests";
				PRODUCT_NAME = "$(TARGET_NAME)";
				TEST_TARGET_NAME = Emoji_StackView;
			};
			name = Release;
		};
/* End XCBuildConfiguration section */

/* Begin XCConfigurationList section */
		D9E2C6881D791BD500479BA1 /* Build configuration list for PBXProject "Emoji_StackView" */ = {
			isa = XCConfigurationList;
			buildConfigurations = (
				D9E2C6B31D791BD600479BA1 /* Debug */,
				D9E2C6B41D791BD600479BA1 /* Release */,
			);
			defaultConfigurationIsVisible = 0;
			defaultConfigurationName = Release;
		};
		D9E2C6B51D791BD600479BA1 /* Build configuration list for PBXNativeTarget "Emoji_StackView" */ = {
			isa = XCConfigurationList;
			buildConfigurations = (
				D9E2C6B61D791BD600479BA1 /* Debug */,
				D9E2C6B71D791BD600479BA1 /* Release */,
			);
			defaultConfigurationIsVisible = 0;
		};
		D9E2C6B81D791BD600479BA1 /* Build configuration list for PBXNativeTarget "Emoji_StackViewTests" */ = {
			isa = XCConfigurationList;
			buildConfigurations = (
				D9E2C6B91D791BD600479BA1 /* Debug */,
				D9E2C6BA1D791BD600479BA1 /* Release */,
			);
			defaultConfigurationIsVisible = 0;
		};
		D9E2C6BB1D791BD600479BA1 /* Build configuration list for PBXNativeTarget "Emoji_StackViewUITests" */ = {
			isa = XCConfigurationList;
			buildConfigurations = (
				D9E2C6BC1D791BD600479BA1 /* Debug */,
				D9E2C6BD1D791BD600479BA1 /* Release */,
			);
			defaultConfigurationIsVisible = 0;
		};
/* End XCConfigurationList section */
	};
	rootObject = D9E2C6851D791BD500479BA1 /* Project object */;
}
